{"1.1.0",
[{<<"ast_walk">>,{pkg,<<"ast_walk">>,<<"0.3.0">>},0},
 {<<"jsone">>,{pkg,<<"jsone">>,<<"1.4.6">>},0}]}.
[
{pkg_hash,[
 {<<"ast_walk">>, <<"B4414AED2D6F213F9ECFC10E812AB1258B019901927A2363F909820CA959BEE8">>},
 {<<"jsone">>, <<"644D6D57BEFB22C8E19B324DEE19D73B1C004565009861A8F64C68B7B9E64DBF">>}]}
].
