{"1.1.0",
[{<<"ast_walk">>,{pkg,<<"ast_walk">>,<<"0.2.0">>},0},
 {<<"jsone">>,{pkg,<<"jsone">>,<<"1.4.3">>},0}]}.
[
{pkg_hash,[
 {<<"ast_walk">>, <<"A85A0B03F04F8C53FC7C92FB26FCAC98F78C2DA21D3A80F8BDCEB9B176E2A90E">>},
 {<<"jsone">>, <<"6D5F802136249E64F9D4997043B13355C6EAC314217DC3B19BF3677E351A0641">>}]}
].
